
Microsoft Visual Studio Solution File, Format Version 12.00
# Visual Studio Version 17
VisualStudioVersion = 17.5.002.0
MinimumVisualStudioVersion = 10.0.40219.1
Project("{9A19103F-16F7-4668-BE54-9A1E7A4F7556}") = "simple-draughts-in-C-", "simple-draughts-in-C-.csproj", "{31C1D9CF-CE56-4C15-930F-618177BD6B22}"
EndProject
Global
	GlobalSection(SolutionConfigurationPlatforms) = preSolution
		Debug|Any CPU = Debug|Any CPU
		Release|Any CPU = Release|Any CPU
	EndGlobalSection
	GlobalSection(ProjectConfigurationPlatforms) = postSolution
		{31C1D9CF-CE56-4C15-930F-618177BD6B22}.Debug|Any CPU.ActiveCfg = Debug|Any CPU
		{31C1D9CF-CE56-4C15-930F-618177BD6B22}.Debug|Any CPU.Build.0 = Debug|Any CPU
		{31C1D9CF-CE56-4C15-930F-618177BD6B22}.Release|Any CPU.ActiveCfg = Release|Any CPU
		{31C1D9CF-CE56-4C15-930F-618177BD6B22}.Release|Any CPU.Build.0 = Release|Any CPU
	EndGlobalSection
	GlobalSection(SolutionProperties) = preSolution
		HideSolutionNode = FALSE
	EndGlobalSection
	GlobalSection(ExtensibilityGlobals) = postSolution
		SolutionGuid = {1693F66F-092F-4F7D-AA2C-74097A2E6D99}
	EndGlobalSection
EndGlobal
